<?xml version="1.0" encoding="utf-8"?>
<Project ToolsVersion="4.0" xmlns="http://schemas.microsoft.com/developer/msbuild/2003">
  <ItemGroup>
    <Filter Include="Source Files">
      <UniqueIdentifier>{4FC737F1-C7A5-4376-A066-2A32D752A2FF}</UniqueIdentifier>
      <Extensions>cpp;c;cc;cxx;def;odl;idl;hpj;bat;asm;asmx</Extensions>
    </Filter>
    <Filter Include="Header Files">
      <UniqueIdentifier>{93995380-89BD-4b04-88EB-625FBE52EBFB}</UniqueIdentifier>
      <Extensions>h;hh;hpp;hxx;hm;inl;inc;xsd</Extensions>
    </Filter>
    <Filter Include="Resource Files">
      <UniqueIdentifier>{67DA6AB6-F800-4c08-8B7A-83BB121AAD01}</UniqueIdentifier>
      <Extensions>rc;ico;cur;bmp;dlg;rc2;rct;bin;rgs;gif;jpg;jpeg;jpe;resx;tiff;tif;png;wav</Extensions>
    </Filter>
  </ItemGroup>
  <ItemGroup>
    <ClCompile Include="out\build\x64-debug\cmakefiles\3.27.2-msvc1\compileridc\CMakeCCompilerId.c">
      <Filter>Source Files</Filter>
    </ClCompile>
    <ClCompile Include="out\build\x64-debug\cmakefiles\3.27.2-msvc1\compileridcxx\CMakeCXXCompilerId.cpp">
      <Filter>Source Files</Filter>
    </ClCompile>
    <ClCompile Include="out\build\x64-debug\cmakefiles\showincludes\main.c">
      <Filter>Source Files</Filter>
    </ClCompile>
    <ClCompile Include="out\build\x64-debug\cmakefiles\xplore.dir\cmake_pch.cxx">
      <Filter>Source Files</Filter>
    </ClCompile>
    <ClCompile Include="out\debug\cmakefiles\3.26.4\compileridc\CMakeCCompilerId.c">
      <Filter>Source Files</Filter>
    </ClCompile>
    <ClCompile Include="out\debug\cmakefiles\3.26.4\compileridcxx\CMakeCXXCompilerId.cpp">
      <Filter>Source Files</Filter>
    </ClCompile>
    <ClCompile Include="out\debug\cmakefiles\xplore.dir\cmake_pch.hxx.cxx">
      <Filter>Source Files</Filter>
    </ClCompile>
    <ClCompile Include="out\release\cmakefiles\3.26.4\compileridc\CMakeCCompilerId.c">
      <Filter>Source Files</Filter>
    </ClCompile>
    <ClCompile Include="out\release\cmakefiles\3.26.4\compileridcxx\CMakeCXXCompilerId.cpp">
      <Filter>Source Files</Filter>
    </ClCompile>
    <ClCompile Include="out\release\cmakefiles\xplore.dir\cmake_pch.hxx.cxx">
      <Filter>Source Files</Filter>
    </ClCompile>
    <ClCompile Include="src\Application.cpp">
      <Filter>Source Files</Filter>
    </ClCompile>
    <ClCompile Include="src\DirectoryView.cpp">
      <Filter>Source Files</Filter>
    </ClCompile>
    <ClCompile Include="src\HirarchyView.cpp">
      <Filter>Source Files</Filter>
    </ClCompile>
    <ClCompile Include="src\main.cpp">
      <Filter>Source Files</Filter>
    </ClCompile>
    <ClCompile Include="src\PopUpView.cpp">
      <Filter>Source Files</Filter>
    </ClCompile>
    <ClCompile Include="src\XPloreManager.cpp">
      <Filter>Source Files</Filter>
    </ClCompile>
    <ClCompile Include="src\debug\Timer.cpp">
      <Filter>Source Files</Filter>
    </ClCompile>
    <ClCompile Include="src\gui\CmGui.cpp">
      <Filter>Source Files</Filter>
    </ClCompile>
    <ClCompile Include="src\gui\Gui.cpp">
      <Filter>Source Files</Filter>
    </ClCompile>
    <ClCompile Include="src\gui\GuiTemplate.cpp">
      <Filter>Source Files</Filter>
    </ClCompile>
    <ClCompile Include="src\util\Fonts.cpp">
      <Filter>Source Files</Filter>
    </ClCompile>
    <ClCompile Include="src\util\unique_vector.cpp">
      <Filter>Source Files</Filter>
    </ClCompile>
    <ClCompile Include="src\window\Window.cpp">
      <Filter>Source Files</Filter>
    </ClCompile>
    <ClCompile Include="vendor\glad\src\glad.c">
      <Filter>Source Files</Filter>
    </ClCompile>
    <ClCompile Include="vendor\glfw\deps\getopt.c">
      <Filter>Source Files</Filter>
    </ClCompile>
    <ClCompile Include="vendor\glfw\deps\tinycthread.c">
      <Filter>Source Files</Filter>
    </ClCompile>
    <ClCompile Include="vendor\glfw\examples\boing.c">
      <Filter>Source Files</Filter>
    </ClCompile>
    <ClCompile Include="vendor\glfw\examples\gears.c">
      <Filter>Source Files</Filter>
    </ClCompile>
    <ClCompile Include="vendor\glfw\examples\heightmap.c">
      <Filter>Source Files</Filter>
    </ClCompile>
    <ClCompile Include="vendor\glfw\examples\offscreen.c">
      <Filter>Source Files</Filter>
    </ClCompile>
    <ClCompile Include="vendor\glfw\examples\particles.c">
      <Filter>Source Files</Filter>
    </ClCompile>
    <ClCompile Include="vendor\glfw\examples\sharing.c">
      <Filter>Source Files</Filter>
    </ClCompile>
    <ClCompile Include="vendor\glfw\examples\splitview.c">
      <Filter>Source Files</Filter>
    </ClCompile>
    <ClCompile Include="vendor\glfw\examples\triangle-opengl.c">
      <Filter>Source Files</Filter>
    </ClCompile>
    <ClCompile Include="vendor\glfw\examples\triangle-opengles.c">
      <Filter>Source Files</Filter>
    </ClCompile>
    <ClCompile Include="vendor\glfw\examples\wave.c">
      <Filter>Source Files</Filter>
    </ClCompile>
    <ClCompile Include="vendor\glfw\examples\windows.c">
      <Filter>Source Files</Filter>
    </ClCompile>
    <ClCompile Include="vendor\glfw\src\cocoa_time.c">
      <Filter>Source Files</Filter>
    </ClCompile>
    <ClCompile Include="vendor\glfw\src\context.c">
      <Filter>Source Files</Filter>
    </ClCompile>
    <ClCompile Include="vendor\glfw\src\egl_context.c">
      <Filter>Source Files</Filter>
    </ClCompile>
    <ClCompile Include="vendor\glfw\src\glx_context.c">
      <Filter>Source Files</Filter>
    </ClCompile>
    <ClCompile Include="vendor\glfw\src\init.c">
      <Filter>Source Files</Filter>
    </ClCompile>
    <ClCompile Include="vendor\glfw\src\input.c">
      <Filter>Source Files</Filter>
    </ClCompile>
    <ClCompile Include="vendor\glfw\src\linux_joystick.c">
      <Filter>Source Files</Filter>
    </ClCompile>
    <ClCompile Include="vendor\glfw\src\monitor.c">
      <Filter>Source Files</Filter>
    </ClCompile>
    <ClCompile Include="vendor\glfw\src\null_init.c">
      <Filter>Source Files</Filter>
    </ClCompile>
    <ClCompile Include="vendor\glfw\src\null_joystick.c">
      <Filter>Source Files</Filter>
    </ClCompile>
    <ClCompile Include="vendor\glfw\src\null_monitor.c">
      <Filter>Source Files</Filter>
    </ClCompile>
    <ClCompile Include="vendor\glfw\src\null_window.c">
      <Filter>Source Files</Filter>
    </ClCompile>
    <ClCompile Include="vendor\glfw\src\osmesa_context.c">
      <Filter>Source Files</Filter>
    </ClCompile>
    <ClCompile Include="vendor\glfw\src\platform.c">
      <Filter>Source Files</Filter>
    </ClCompile>
    <ClCompile Include="vendor\glfw\src\posix_module.c">
      <Filter>Source Files</Filter>
    </ClCompile>
    <ClCompile Include="vendor\glfw\src\posix_poll.c">
      <Filter>Source Files</Filter>
    </ClCompile>
    <ClCompile Include="vendor\glfw\src\posix_thread.c">
      <Filter>Source Files</Filter>
    </ClCompile>
    <ClCompile Include="vendor\glfw\src\posix_time.c">
      <Filter>Source Files</Filter>
    </ClCompile>
    <ClCompile Include="vendor\glfw\src\vulkan.c">
      <Filter>Source Files</Filter>
    </ClCompile>
    <ClCompile Include="vendor\glfw\src\wgl_context.c">
      <Filter>Source Files</Filter>
    </ClCompile>
    <ClCompile Include="vendor\glfw\src\win32_init.c">
      <Filter>Source Files</Filter>
    </ClCompile>
    <ClCompile Include="vendor\glfw\src\win32_joystick.c">
      <Filter>Source Files</Filter>
    </ClCompile>
    <ClCompile Include="vendor\glfw\src\win32_module.c">
      <Filter>Source Files</Filter>
    </ClCompile>
    <ClCompile Include="vendor\glfw\src\win32_monitor.c">
      <Filter>Source Files</Filter>
    </ClCompile>
    <ClCompile Include="vendor\glfw\src\win32_thread.c">
      <Filter>Source Files</Filter>
    </ClCompile>
    <ClCompile Include="vendor\glfw\src\win32_time.c">
      <Filter>Source Files</Filter>
    </ClCompile>
    <ClCompile Include="vendor\glfw\src\win32_window.c">
      <Filter>Source Files</Filter>
    </ClCompile>
    <ClCompile Include="vendor\glfw\src\window.c">
      <Filter>Source Files</Filter>
    </ClCompile>
    <ClCompile Include="vendor\glfw\src\wl_init.c">
      <Filter>Source Files</Filter>
    </ClCompile>
    <ClCompile Include="vendor\glfw\src\wl_monitor.c">
      <Filter>Source Files</Filter>
    </ClCompile>
    <ClCompile Include="vendor\glfw\src\wl_window.c">
      <Filter>Source Files</Filter>
    </ClCompile>
    <ClCompile Include="vendor\glfw\src\x11_init.c">
      <Filter>Source Files</Filter>
    </ClCompile>
    <ClCompile Include="vendor\glfw\src\x11_monitor.c">
      <Filter>Source Files</Filter>
    </ClCompile>
    <ClCompile Include="vendor\glfw\src\x11_window.c">
      <Filter>Source Files</Filter>
    </ClCompile>
    <ClCompile Include="vendor\glfw\src\xkb_unicode.c">
      <Filter>Source Files</Filter>
    </ClCompile>
    <ClCompile Include="vendor\glfw\tests\allocator.c">
      <Filter>Source Files</Filter>
    </ClCompile>
    <ClCompile Include="vendor\glfw\tests\clipboard.c">
      <Filter>Source Files</Filter>
    </ClCompile>
    <ClCompile Include="vendor\glfw\tests\cursor.c">
      <Filter>Source Files</Filter>
    </ClCompile>
    <ClCompile Include="vendor\glfw\tests\empty.c">
      <Filter>Source Files</Filter>
    </ClCompile>
    <ClCompile Include="vendor\glfw\tests\events.c">
      <Filter>Source Files</Filter>
    </ClCompile>
    <ClCompile Include="vendor\glfw\tests\gamma.c">
      <Filter>Source Files</Filter>
    </ClCompile>
    <ClCompile Include="vendor\glfw\tests\glfwinfo.c">
      <Filter>Source Files</Filter>
    </ClCompile>
    <ClCompile Include="vendor\glfw\tests\icon.c">
      <Filter>Source Files</Filter>
    </ClCompile>
    <ClCompile Include="vendor\glfw\tests\iconify.c">
      <Filter>Source Files</Filter>
    </ClCompile>
    <ClCompile Include="vendor\glfw\tests\inputlag.c">
      <Filter>Source Files</Filter>
    </ClCompile>
    <ClCompile Include="vendor\glfw\tests\joysticks.c">
      <Filter>Source Files</Filter>
    </ClCompile>
    <ClCompile Include="vendor\glfw\tests\monitors.c">
      <Filter>Source Files</Filter>
    </ClCompile>
    <ClCompile Include="vendor\glfw\tests\msaa.c">
      <Filter>Source Files</Filter>
    </ClCompile>
    <ClCompile Include="vendor\glfw\tests\reopen.c">
      <Filter>Source Files</Filter>
    </ClCompile>
    <ClCompile Include="vendor\glfw\tests\tearing.c">
      <Filter>Source Files</Filter>
    </ClCompile>
    <ClCompile Include="vendor\glfw\tests\threads.c">
      <Filter>Source Files</Filter>
    </ClCompile>
    <ClCompile Include="vendor\glfw\tests\timeout.c">
      <Filter>Source Files</Filter>
    </ClCompile>
    <ClCompile Include="vendor\glfw\tests\title.c">
      <Filter>Source Files</Filter>
    </ClCompile>
    <ClCompile Include="vendor\glfw\tests\triangle-vulkan.c">
      <Filter>Source Files</Filter>
    </ClCompile>
    <ClCompile Include="vendor\glfw\tests\window.c">
      <Filter>Source Files</Filter>
    </ClCompile>
    <ClCompile Include="vendor\imgui\imgui.cpp">
      <Filter>Source Files</Filter>
    </ClCompile>
    <ClCompile Include="vendor\imgui\imgui_demo.cpp">
      <Filter>Source Files</Filter>
    </ClCompile>
    <ClCompile Include="vendor\imgui\imgui_draw.cpp">
      <Filter>Source Files</Filter>
    </ClCompile>
    <ClCompile Include="vendor\imgui\imgui_impl_glfw.cpp">
      <Filter>Source Files</Filter>
    </ClCompile>
    <ClCompile Include="vendor\imgui\imgui_impl_opengl3.cpp">
      <Filter>Source Files</Filter>
    </ClCompile>
    <ClCompile Include="vendor\imgui\imgui_tables.cpp">
      <Filter>Source Files</Filter>
    </ClCompile>
    <ClCompile Include="vendor\imgui\imgui_widgets.cpp">
      <Filter>Source Files</Filter>
    </ClCompile>
    <ClCompile Include="vendor\imgui\backends\imgui_impl_allegro5.cpp">
      <Filter>Source Files</Filter>
    </ClCompile>
    <ClCompile Include="vendor\imgui\backends\imgui_impl_android.cpp">
      <Filter>Source Files</Filter>
    </ClCompile>
    <ClCompile Include="vendor\imgui\backends\imgui_impl_dx10.cpp">
      <Filter>Source Files</Filter>
    </ClCompile>
    <ClCompile Include="vendor\imgui\backends\imgui_impl_dx11.cpp">
      <Filter>Source Files</Filter>
    </ClCompile>
    <ClCompile Include="vendor\imgui\backends\imgui_impl_dx12.cpp">
      <Filter>Source Files</Filter>
    </ClCompile>
    <ClCompile Include="vendor\imgui\backends\imgui_impl_dx9.cpp">
      <Filter>Source Files</Filter>
    </ClCompile>
    <ClCompile Include="vendor\imgui\backends\imgui_impl_glut.cpp">
      <Filter>Source Files</Filter>
    </ClCompile>
    <ClCompile Include="vendor\imgui\backends\imgui_impl_opengl2.cpp">
      <Filter>Source Files</Filter>
    </ClCompile>
    <ClCompile Include="vendor\imgui\backends\imgui_impl_sdl2.cpp">
      <Filter>Source Files</Filter>
    </ClCompile>
    <ClCompile Include="vendor\imgui\backends\imgui_impl_sdl3.cpp">
      <Filter>Source Files</Filter>
    </ClCompile>
    <ClCompile Include="vendor\imgui\backends\imgui_impl_sdlrenderer2.cpp">
      <Filter>Source Files</Filter>
    </ClCompile>
    <ClCompile Include="vendor\imgui\backends\imgui_impl_sdlrenderer3.cpp">
      <Filter>Source Files</Filter>
    </ClCompile>
    <ClCompile Include="vendor\imgui\backends\imgui_impl_vulkan.cpp">
      <Filter>Source Files</Filter>
    </ClCompile>
    <ClCompile Include="vendor\imgui\backends\imgui_impl_wgpu.cpp">
      <Filter>Source Files</Filter>
    </ClCompile>
    <ClCompile Include="vendor\imgui\backends\imgui_impl_win32.cpp">
      <Filter>Source Files</Filter>
    </ClCompile>
    <ClCompile Include="vendor\imgui\examples\example_allegro5\main.cpp">
      <Filter>Source Files</Filter>
    </ClCompile>
    <ClCompile Include="vendor\imgui\examples\example_android_opengl3\main.cpp">
      <Filter>Source Files</Filter>
    </ClCompile>
    <ClCompile Include="vendor\imgui\examples\example_emscripten_wgpu\main.cpp">
      <Filter>Source Files</Filter>
    </ClCompile>
    <ClCompile Include="vendor\imgui\examples\example_glfw_opengl2\main.cpp">
      <Filter>Source Files</Filter>
    </ClCompile>
    <ClCompile Include="vendor\imgui\examples\example_glfw_opengl3\main.cpp">
      <Filter>Source Files</Filter>
    </ClCompile>
    <ClCompile Include="vendor\imgui\examples\example_glfw_vulkan\main.cpp">
      <Filter>Source Files</Filter>
    </ClCompile>
    <ClCompile Include="vendor\imgui\examples\example_glfw_wgpu\main.cpp">
      <Filter>Source Files</Filter>
    </ClCompile>
    <ClCompile Include="vendor\imgui\examples\example_glut_opengl2\main.cpp">
      <Filter>Source Files</Filter>
    </ClCompile>
    <ClCompile Include="vendor\imgui\examples\example_null\main.cpp">
      <Filter>Source Files</Filter>
    </ClCompile>
    <ClCompile Include="vendor\imgui\examples\example_sdl2_directx11\main.cpp">
      <Filter>Source Files</Filter>
    </ClCompile>
    <ClCompile Include="vendor\imgui\examples\example_sdl2_opengl2\main.cpp">
      <Filter>Source Files</Filter>
    </ClCompile>
    <ClCompile Include="vendor\imgui\examples\example_sdl2_opengl3\main.cpp">
      <Filter>Source Files</Filter>
    </ClCompile>
    <ClCompile Include="vendor\imgui\examples\example_sdl2_sdlrenderer2\main.cpp">
      <Filter>Source Files</Filter>
    </ClCompile>
    <ClCompile Include="vendor\imgui\examples\example_sdl2_vulkan\main.cpp">
      <Filter>Source Files</Filter>
    </ClCompile>
    <ClCompile Include="vendor\imgui\examples\example_sdl3_opengl3\main.cpp">
      <Filter>Source Files</Filter>
    </ClCompile>
    <ClCompile Include="vendor\imgui\examples\example_sdl3_sdlrenderer3\main.cpp">
      <Filter>Source Files</Filter>
    </ClCompile>
    <ClCompile Include="vendor\imgui\examples\example_win32_directx10\main.cpp">
      <Filter>Source Files</Filter>
    </ClCompile>
    <ClCompile Include="vendor\imgui\examples\example_win32_directx11\main.cpp">
      <Filter>Source Files</Filter>
    </ClCompile>
    <ClCompile Include="vendor\imgui\examples\example_win32_directx12\main.cpp">
      <Filter>Source Files</Filter>
    </ClCompile>
    <ClCompile Include="vendor\imgui\examples\example_win32_directx9\main.cpp">
      <Filter>Source Files</Filter>
    </ClCompile>
    <ClCompile Include="vendor\imgui\examples\example_win32_opengl3\main.cpp">
      <Filter>Source Files</Filter>
    </ClCompile>
    <ClCompile Include="vendor\imgui\examples\libs\usynergy\uSynergy.c">
      <Filter>Source Files</Filter>
    </ClCompile>
    <ClCompile Include="vendor\imgui\misc\cpp\imgui_stdlib.cpp">
      <Filter>Source Files</Filter>
    </ClCompile>
    <ClCompile Include="vendor\imgui\misc\fonts\binary_to_compressed_c.cpp">
      <Filter>Source Files</Filter>
    </ClCompile>
    <ClCompile Include="vendor\imgui\misc\freetype\imgui_freetype.cpp">
      <Filter>Source Files</Filter>
    </ClCompile>
  </ItemGroup>
  <ItemGroup>
    <ClInclude Include="out\build\x64-debug\cmakefiles\showincludes\foo.h">
      <Filter>Header Files</Filter>
    </ClInclude>
    <ClInclude Include="out\build\x64-debug\cmakefiles\xplore.dir\cmake_pch.hxx">
      <Filter>Header Files</Filter>
    </ClInclude>
    <ClInclude Include="out\debug\cmakefiles\xplore.dir\cmake_pch.hxx">
      <Filter>Header Files</Filter>
    </ClInclude>
    <ClInclude Include="out\release\cmakefiles\xplore.dir\cmake_pch.hxx">
      <Filter>Header Files</Filter>
    </ClInclude>
    <ClInclude Include="src\Application.h">
      <Filter>Header Files</Filter>
    </ClInclude>
    <ClInclude Include="src\DirectoryView.h">
      <Filter>Header Files</Filter>
    </ClInclude>
    <ClInclude Include="src\HirarchyView.h">
      <Filter>Header Files</Filter>
    </ClInclude>
    <ClInclude Include="src\pch.h">
      <Filter>Header Files</Filter>
    </ClInclude>
    <ClInclude Include="src\PopUpView.h">
      <Filter>Header Files</Filter>
    </ClInclude>
    <ClInclude Include="src\XPloreManager.h">
      <Filter>Header Files</Filter>
    </ClInclude>
    <ClInclude Include="src\debug\Debugger.h">
      <Filter>Header Files</Filter>
    </ClInclude>
    <ClInclude Include="src\debug\Timer.h">
      <Filter>Header Files</Filter>
    </ClInclude>
    <ClInclude Include="src\gui\CmGui.h">
      <Filter>Header Files</Filter>
    </ClInclude>
    <ClInclude Include="src\gui\Gui.h">
      <Filter>Header Files</Filter>
    </ClInclude>
    <ClInclude Include="src\gui\GuiTemplate.h">
      <Filter>Header Files</Filter>
    </ClInclude>
    <ClInclude Include="src\util\ConsoleColors.h">
      <Filter>Header Files</Filter>
    </ClInclude>
    <ClInclude Include="src\util\Fonts.h">
      <Filter>Header Files</Filter>
    </ClInclude>
    <ClInclude Include="src\util\StringConverter.h">
      <Filter>Header Files</Filter>
    </ClInclude>
    <ClInclude Include="src\util\unique_vector.h">
      <Filter>Header Files</Filter>
    </ClInclude>
    <ClInclude Include="src\window\Window.h">
      <Filter>Header Files</Filter>
    </ClInclude>
    <ClInclude Include="vendor\glad\include\glad\glad.h">
      <Filter>Header Files</Filter>
    </ClInclude>
    <ClInclude Include="vendor\glad\include\khr\khrplatform.h">
      <Filter>Header Files</Filter>
    </ClInclude>
    <ClInclude Include="vendor\glfw\deps\getopt.h">
      <Filter>Header Files</Filter>
    </ClInclude>
    <ClInclude Include="vendor\glfw\deps\linmath.h">
      <Filter>Header Files</Filter>
    </ClInclude>
    <ClInclude Include="vendor\glfw\deps\nuklear.h">
      <Filter>Header Files</Filter>
    </ClInclude>
    <ClInclude Include="vendor\glfw\deps\nuklear_glfw_gl2.h">
      <Filter>Header Files</Filter>
    </ClInclude>
    <ClInclude Include="vendor\glfw\deps\stb_image_write.h">
      <Filter>Header Files</Filter>
    </ClInclude>
    <ClInclude Include="vendor\glfw\deps\tinycthread.h">
      <Filter>Header Files</Filter>
    </ClInclude>
    <ClInclude Include="vendor\glfw\deps\glad\gl.h">
      <Filter>Header Files</Filter>
    </ClInclude>
    <ClInclude Include="vendor\glfw\deps\glad\gles2.h">
      <Filter>Header Files</Filter>
    </ClInclude>
    <ClInclude Include="vendor\glfw\deps\glad\vulkan.h">
      <Filter>Header Files</Filter>
    </ClInclude>
    <ClInclude Include="vendor\glfw\deps\mingw\dinput.h">
      <Filter>Header Files</Filter>
    </ClInclude>
    <ClInclude Include="vendor\glfw\deps\mingw\xinput.h">
      <Filter>Header Files</Filter>
    </ClInclude>
    <ClInclude Include="vendor\glfw\deps\mingw\_mingw_dxhelper.h">
      <Filter>Header Files</Filter>
    </ClInclude>
    <ClInclude Include="vendor\glfw\include\glfw\glfw3.h">
      <Filter>Header Files</Filter>
    </ClInclude>
    <ClInclude Include="vendor\glfw\include\glfw\glfw3native.h">
      <Filter>Header Files</Filter>
    </ClInclude>
    <ClInclude Include="vendor\glfw\src\cocoa_joystick.h">
      <Filter>Header Files</Filter>
    </ClInclude>
    <ClInclude Include="vendor\glfw\src\cocoa_platform.h">
      <Filter>Header Files</Filter>
    </ClInclude>
    <ClInclude Include="vendor\glfw\src\cocoa_time.h">
      <Filter>Header Files</Filter>
    </ClInclude>
    <ClInclude Include="vendor\glfw\src\internal.h">
      <Filter>Header Files</Filter>
    </ClInclude>
    <ClInclude Include="vendor\glfw\src\linux_joystick.h">
      <Filter>Header Files</Filter>
    </ClInclude>
    <ClInclude Include="vendor\glfw\src\mappings.h">
      <Filter>Header Files</Filter>
    </ClInclude>
    <ClInclude Include="vendor\glfw\src\null_joystick.h">
      <Filter>Header Files</Filter>
    </ClInclude>
    <ClInclude Include="vendor\glfw\src\null_platform.h">
      <Filter>Header Files</Filter>
    </ClInclude>
    <ClInclude Include="vendor\glfw\src\platform.h">
      <Filter>Header Files</Filter>
    </ClInclude>
    <ClInclude Include="vendor\glfw\src\posix_poll.h">
      <Filter>Header Files</Filter>
    </ClInclude>
    <ClInclude Include="vendor\glfw\src\posix_thread.h">
      <Filter>Header Files</Filter>
    </ClInclude>
    <ClInclude Include="vendor\glfw\src\posix_time.h">
      <Filter>Header Files</Filter>
    </ClInclude>
    <ClInclude Include="vendor\glfw\src\win32_joystick.h">
      <Filter>Header Files</Filter>
    </ClInclude>
    <ClInclude Include="vendor\glfw\src\win32_platform.h">
      <Filter>Header Files</Filter>
    </ClInclude>
    <ClInclude Include="vendor\glfw\src\win32_thread.h">
      <Filter>Header Files</Filter>
    </ClInclude>
    <ClInclude Include="vendor\glfw\src\win32_time.h">
      <Filter>Header Files</Filter>
    </ClInclude>
    <ClInclude Include="vendor\glfw\src\wl_platform.h">
      <Filter>Header Files</Filter>
    </ClInclude>
    <ClInclude Include="vendor\glfw\src\x11_platform.h">
      <Filter>Header Files</Filter>
    </ClInclude>
    <ClInclude Include="vendor\glfw\src\xkb_unicode.h">
      <Filter>Header Files</Filter>
    </ClInclude>
    <ClInclude Include="vendor\imgui\imconfig.h">
      <Filter>Header Files</Filter>
    </ClInclude>
    <ClInclude Include="vendor\imgui\imgui.h">
      <Filter>Header Files</Filter>
    </ClInclude>
    <ClInclude Include="vendor\imgui\imgui_impl_glfw.h">
      <Filter>Header Files</Filter>
    </ClInclude>
    <ClInclude Include="vendor\imgui\imgui_impl_opengl3.h">
      <Filter>Header Files</Filter>
    </ClInclude>
    <ClInclude Include="vendor\imgui\imgui_impl_opengl3_loader.h">
      <Filter>Header Files</Filter>
    </ClInclude>
    <ClInclude Include="vendor\imgui\imgui_internal.h">
      <Filter>Header Files</Filter>
    </ClInclude>
    <ClInclude Include="vendor\imgui\imstb_rectpack.h">
      <Filter>Header Files</Filter>
    </ClInclude>
    <ClInclude Include="vendor\imgui\imstb_textedit.h">
      <Filter>Header Files</Filter>
    </ClInclude>
    <ClInclude Include="vendor\imgui\imstb_truetype.h">
      <Filter>Header Files</Filter>
    </ClInclude>
    <ClInclude Include="vendor\imgui\backends\imgui_impl_allegro5.h">
      <Filter>Header Files</Filter>
    </ClInclude>
    <ClInclude Include="vendor\imgui\backends\imgui_impl_android.h">
      <Filter>Header Files</Filter>
    </ClInclude>
    <ClInclude Include="vendor\imgui\backends\imgui_impl_dx10.h">
      <Filter>Header Files</Filter>
    </ClInclude>
    <ClInclude Include="vendor\imgui\backends\imgui_impl_dx11.h">
      <Filter>Header Files</Filter>
    </ClInclude>
    <ClInclude Include="vendor\imgui\backends\imgui_impl_dx12.h">
      <Filter>Header Files</Filter>
    </ClInclude>
    <ClInclude Include="vendor\imgui\backends\imgui_impl_dx9.h">
      <Filter>Header Files</Filter>
    </ClInclude>
    <ClInclude Include="vendor\imgui\backends\imgui_impl_glut.h">
      <Filter>Header Files</Filter>
    </ClInclude>
    <ClInclude Include="vendor\imgui\backends\imgui_impl_metal.h">
      <Filter>Header Files</Filter>
    </ClInclude>
    <ClInclude Include="vendor\imgui\backends\imgui_impl_opengl2.h">
      <Filter>Header Files</Filter>
    </ClInclude>
    <ClInclude Include="vendor\imgui\backends\imgui_impl_osx.h">
      <Filter>Header Files</Filter>
    </ClInclude>
    <ClInclude Include="vendor\imgui\backends\imgui_impl_sdl2.h">
      <Filter>Header Files</Filter>
    </ClInclude>
    <ClInclude Include="vendor\imgui\backends\imgui_impl_sdl3.h">
      <Filter>Header Files</Filter>
    </ClInclude>
    <ClInclude Include="vendor\imgui\backends\imgui_impl_sdlrenderer2.h">
      <Filter>Header Files</Filter>
    </ClInclude>
    <ClInclude Include="vendor\imgui\backends\imgui_impl_sdlrenderer3.h">
      <Filter>Header Files</Filter>
    </ClInclude>
    <ClInclude Include="vendor\imgui\backends\imgui_impl_vulkan.h">
      <Filter>Header Files</Filter>
    </ClInclude>
    <ClInclude Include="vendor\imgui\backends\imgui_impl_wgpu.h">
      <Filter>Header Files</Filter>
    </ClInclude>
    <ClInclude Include="vendor\imgui\backends\imgui_impl_win32.h">
      <Filter>Header Files</Filter>
    </ClInclude>
    <ClInclude Include="vendor\imgui\examples\example_allegro5\imconfig_allegro5.h">
      <Filter>Header Files</Filter>
    </ClInclude>
    <ClInclude Include="vendor\imgui\examples\libs\emscripten\emscripten_mainloop_stub.h">
      <Filter>Header Files</Filter>
    </ClInclude>
    <ClInclude Include="vendor\imgui\examples\libs\glfw\include\glfw\glfw3.h">
      <Filter>Header Files</Filter>
    </ClInclude>
    <ClInclude Include="vendor\imgui\examples\libs\glfw\include\glfw\glfw3native.h">
      <Filter>Header Files</Filter>
    </ClInclude>
    <ClInclude Include="vendor\imgui\examples\libs\usynergy\uSynergy.h">
      <Filter>Header Files</Filter>
    </ClInclude>
    <ClInclude Include="vendor\imgui\misc\cpp\imgui_stdlib.h">
      <Filter>Header Files</Filter>
    </ClInclude>
    <ClInclude Include="vendor\imgui\misc\freetype\imgui_freetype.h">
      <Filter>Header Files</Filter>
    </ClInclude>
    <ClInclude Include="vendor\imgui\misc\single_file\imgui_single_file.h">
      <Filter>Header Files</Filter>
    </ClInclude>
  </ItemGroup>
  <ItemGroup>
    <None Include="out\build\x64-debug\cmakefiles\3.27.2-msvc1\CMakeDetermineCompilerABI_C.bin">
      <Filter>Resource Files</Filter>
    </None>
    <None Include="out\build\x64-debug\cmakefiles\3.27.2-msvc1\CMakeDetermineCompilerABI_CXX.bin">
      <Filter>Resource Files</Filter>
    </None>
    <None Include="out\debug\cmakefiles\3.26.4\CMakeDetermineCompilerABI_C.bin">
      <Filter>Resource Files</Filter>
    </None>
    <None Include="out\debug\cmakefiles\3.26.4\CMakeDetermineCompilerABI_CXX.bin">
      <Filter>Resource Files</Filter>
    </None>
    <None Include="out\release\cmakefiles\3.26.4\CMakeDetermineCompilerABI_C.bin">
      <Filter>Resource Files</Filter>
    </None>
    <None Include="out\release\cmakefiles\3.26.4\CMakeDetermineCompilerABI_CXX.bin">
      <Filter>Resource Files</Filter>
    </None>
    <None Include="out\build\x64-debug\vendor\glfw\docs\html\build_8md.html" />
    <None Include="out\build\x64-debug\vendor\glfw\docs\html\build_guide.html" />
    <None Include="out\build\x64-debug\vendor\glfw\docs\html\compat_8md.html" />
    <None Include="out\build\x64-debug\vendor\glfw\docs\html\compat_guide.html" />
    <None Include="out\build\x64-debug\vendor\glfw\docs\html\compile_8md.html" />
    <None Include="out\build\x64-debug\vendor\glfw\docs\html\compile_guide.html" />
    <None Include="out\build\x64-debug\vendor\glfw\docs\html\context_8md.html" />
    <None Include="out\build\x64-debug\vendor\glfw\docs\html\context_guide.html" />
    <None Include="out\build\x64-debug\vendor\glfw\docs\html\deprecated.html" />
    <None Include="out\build\x64-debug\vendor\glfw\docs\html\dir_2127cde8ea5ce082d3189876f5d37d97.html" />
    <None Include="out\build\x64-debug\vendor\glfw\docs\html\dir_30cb18455e0338115926d95a0642ff3b.html" />
    <None Include="out\build\x64-debug\vendor\glfw\docs\html\dir_62926f066ab206ed864b4f927e9d9c5f.html" />
    <None Include="out\build\x64-debug\vendor\glfw\docs\html\dir_c5da75fdc1d6c57999112ed830c87a3c.html" />
    <None Include="out\build\x64-debug\vendor\glfw\docs\html\dir_df4f2df5b715f1060d88dd01cf68993b.html" />
    <None Include="out\build\x64-debug\vendor\glfw\docs\html\doxygen_crawl.html" />
    <None Include="out\build\x64-debug\vendor\glfw\docs\html\files.html" />
    <None Include="out\build\x64-debug\vendor\glfw\docs\html\glfw3native_8h.html" />
    <None Include="out\build\x64-debug\vendor\glfw\docs\html\glfw3native_8h_source.html" />
    <None Include="out\build\x64-debug\vendor\glfw\docs\html\glfw3_8h.html" />
    <None Include="out\build\x64-debug\vendor\glfw\docs\html\glfw3_8h_source.html" />
    <None Include="out\build\x64-debug\vendor\glfw\docs\html\group__buttons.html" />
    <None Include="out\build\x64-debug\vendor\glfw\docs\html\group__context.html" />
    <None Include="out\build\x64-debug\vendor\glfw\docs\html\group__errors.html" />
    <None Include="out\build\x64-debug\vendor\glfw\docs\html\group__gamepad__axes.html" />
    <None Include="out\build\x64-debug\vendor\glfw\docs\html\group__gamepad__buttons.html" />
    <None Include="out\build\x64-debug\vendor\glfw\docs\html\group__hat__state.html" />
    <None Include="out\build\x64-debug\vendor\glfw\docs\html\group__init.html" />
    <None Include="out\build\x64-debug\vendor\glfw\docs\html\group__input.html" />
    <None Include="out\build\x64-debug\vendor\glfw\docs\html\group__joysticks.html" />
    <None Include="out\build\x64-debug\vendor\glfw\docs\html\group__keys.html" />
    <None Include="out\build\x64-debug\vendor\glfw\docs\html\group__mods.html" />
    <None Include="out\build\x64-debug\vendor\glfw\docs\html\group__monitor.html" />
    <None Include="out\build\x64-debug\vendor\glfw\docs\html\group__native.html" />
    <None Include="out\build\x64-debug\vendor\glfw\docs\html\group__shapes.html" />
    <None Include="out\build\x64-debug\vendor\glfw\docs\html\group__vulkan.html" />
    <None Include="out\build\x64-debug\vendor\glfw\docs\html\group__window.html" />
    <None Include="out\build\x64-debug\vendor\glfw\docs\html\index.html" />
    <None Include="out\build\x64-debug\vendor\glfw\docs\html\input_8md.html" />
    <None Include="out\build\x64-debug\vendor\glfw\docs\html\input_guide.html" />
    <None Include="out\build\x64-debug\vendor\glfw\docs\html\internals_guide.html" />
    <None Include="out\build\x64-debug\vendor\glfw\docs\html\internal_8md.html" />
    <None Include="out\build\x64-debug\vendor\glfw\docs\html\intro_8md.html" />
    <None Include="out\build\x64-debug\vendor\glfw\docs\html\intro_guide.html" />
    <None Include="out\build\x64-debug\vendor\glfw\docs\html\main_8md.html" />
    <None Include="out\build\x64-debug\vendor\glfw\docs\html\monitor_8md.html" />
    <None Include="out\build\x64-debug\vendor\glfw\docs\html\monitor_guide.html" />
    <None Include="out\build\x64-debug\vendor\glfw\docs\html\moving_8md.html" />
    <None Include="out\build\x64-debug\vendor\glfw\docs\html\moving_guide.html" />
    <None Include="out\build\x64-debug\vendor\glfw\docs\html\news.html" />
    <None Include="out\build\x64-debug\vendor\glfw\docs\html\news_8md.html" />
    <None Include="out\build\x64-debug\vendor\glfw\docs\html\pages.html" />
    <None Include="out\build\x64-debug\vendor\glfw\docs\html\quick_8md.html" />
    <None Include="out\build\x64-debug\vendor\glfw\docs\html\quick_guide.html" />
    <None Include="out\build\x64-debug\vendor\glfw\docs\html\struct_g_l_f_wallocator.html" />
    <None Include="out\build\x64-debug\vendor\glfw\docs\html\struct_g_l_f_wgamepadstate.html" />
    <None Include="out\build\x64-debug\vendor\glfw\docs\html\struct_g_l_f_wgammaramp.html" />
    <None Include="out\build\x64-debug\vendor\glfw\docs\html\struct_g_l_f_wimage.html" />
    <None Include="out\build\x64-debug\vendor\glfw\docs\html\struct_g_l_f_wvidmode.html" />
    <None Include="out\build\x64-debug\vendor\glfw\docs\html\topics.html" />
    <None Include="out\build\x64-debug\vendor\glfw\docs\html\vulkan_8md.html" />
    <None Include="out\build\x64-debug\vendor\glfw\docs\html\vulkan_guide.html" />
    <None Include="out\build\x64-debug\vendor\glfw\docs\html\window_8md.html" />
    <None Include="out\build\x64-debug\vendor\glfw\docs\html\window_guide.html" />
    <None Include="out\debug\vendor\glfw\docs\html\build_8md.html" />
    <None Include="out\debug\vendor\glfw\docs\html\build_guide.html" />
    <None Include="out\debug\vendor\glfw\docs\html\compat_8md.html" />
    <None Include="out\debug\vendor\glfw\docs\html\compat_guide.html" />
    <None Include="out\debug\vendor\glfw\docs\html\compile_8md.html" />
    <None Include="out\debug\vendor\glfw\docs\html\compile_guide.html" />
    <None Include="out\debug\vendor\glfw\docs\html\context_8md.html" />
    <None Include="out\debug\vendor\glfw\docs\html\context_guide.html" />
    <None Include="out\debug\vendor\glfw\docs\html\deprecated.html" />
    <None Include="out\debug\vendor\glfw\docs\html\dir_2127cde8ea5ce082d3189876f5d37d97.html" />
    <None Include="out\debug\vendor\glfw\docs\html\dir_30cb18455e0338115926d95a0642ff3b.html" />
    <None Include="out\debug\vendor\glfw\docs\html\dir_62926f066ab206ed864b4f927e9d9c5f.html" />
    <None Include="out\debug\vendor\glfw\docs\html\dir_c5da75fdc1d6c57999112ed830c87a3c.html" />
    <None Include="out\debug\vendor\glfw\docs\html\dir_df4f2df5b715f1060d88dd01cf68993b.html" />
    <None Include="out\debug\vendor\glfw\docs\html\doxygen_crawl.html" />
    <None Include="out\debug\vendor\glfw\docs\html\files.html" />
    <None Include="out\debug\vendor\glfw\docs\html\glfw3native_8h.html" />
    <None Include="out\debug\vendor\glfw\docs\html\glfw3native_8h_source.html" />
    <None Include="out\debug\vendor\glfw\docs\html\glfw3_8h.html" />
    <None Include="out\debug\vendor\glfw\docs\html\glfw3_8h_source.html" />
    <None Include="out\debug\vendor\glfw\docs\html\group__buttons.html" />
    <None Include="out\debug\vendor\glfw\docs\html\group__context.html" />
    <None Include="out\debug\vendor\glfw\docs\html\group__errors.html" />
    <None Include="out\debug\vendor\glfw\docs\html\group__gamepad__axes.html" />
    <None Include="out\debug\vendor\glfw\docs\html\group__gamepad__buttons.html" />
    <None Include="out\debug\vendor\glfw\docs\html\group__hat__state.html" />
    <None Include="out\debug\vendor\glfw\docs\html\group__init.html" />
    <None Include="out\debug\vendor\glfw\docs\html\group__input.html" />
    <None Include="out\debug\vendor\glfw\docs\html\group__joysticks.html" />
    <None Include="out\debug\vendor\glfw\docs\html\group__keys.html" />
    <None Include="out\debug\vendor\glfw\docs\html\group__mods.html" />
    <None Include="out\debug\vendor\glfw\docs\html\group__monitor.html" />
    <None Include="out\debug\vendor\glfw\docs\html\group__native.html" />
    <None Include="out\debug\vendor\glfw\docs\html\group__shapes.html" />
    <None Include="out\debug\vendor\glfw\docs\html\group__vulkan.html" />
    <None Include="out\debug\vendor\glfw\docs\html\group__window.html" />
    <None Include="out\debug\vendor\glfw\docs\html\index.html" />
    <None Include="out\debug\vendor\glfw\docs\html\input_8md.html" />
    <None Include="out\debug\vendor\glfw\docs\html\input_guide.html" />
    <None Include="out\debug\vendor\glfw\docs\html\internals_guide.html" />
    <None Include="out\debug\vendor\glfw\docs\html\internal_8md.html" />
    <None Include="out\debug\vendor\glfw\docs\html\intro_8md.html" />
    <None Include="out\debug\vendor\glfw\docs\html\intro_guide.html" />
    <None Include="out\debug\vendor\glfw\docs\html\main_8md.html" />
    <None Include="out\debug\vendor\glfw\docs\html\monitor_8md.html" />
    <None Include="out\debug\vendor\glfw\docs\html\monitor_guide.html" />
    <None Include="out\debug\vendor\glfw\docs\html\moving_8md.html" />
    <None Include="out\debug\vendor\glfw\docs\html\moving_guide.html" />
    <None Include="out\debug\vendor\glfw\docs\html\news.html" />
    <None Include="out\debug\vendor\glfw\docs\html\news_8md.html" />
    <None Include="out\debug\vendor\glfw\docs\html\pages.html" />
    <None Include="out\debug\vendor\glfw\docs\html\quick_8md.html" />
    <None Include="out\debug\vendor\glfw\docs\html\quick_guide.html" />
    <None Include="out\debug\vendor\glfw\docs\html\struct_g_l_f_wallocator.html" />
    <None Include="out\debug\vendor\glfw\docs\html\struct_g_l_f_wgamepadstate.html" />
    <None Include="out\debug\vendor\glfw\docs\html\struct_g_l_f_wgammaramp.html" />
    <None Include="out\debug\vendor\glfw\docs\html\struct_g_l_f_wimage.html" />
    <None Include="out\debug\vendor\glfw\docs\html\struct_g_l_f_wvidmode.html" />
    <None Include="out\debug\vendor\glfw\docs\html\topics.html" />
    <None Include="out\debug\vendor\glfw\docs\html\vulkan_8md.html" />
    <None Include="out\debug\vendor\glfw\docs\html\vulkan_guide.html" />
    <None Include="out\debug\vendor\glfw\docs\html\window_8md.html" />
    <None Include="out\debug\vendor\glfw\docs\html\window_guide.html" />
    <None Include="vendor\glfw\docs\footer.html" />
    <None Include="vendor\glfw\docs\header.html" />
    <None Include="vendor\imgui\examples\example_emscripten_wgpu\web\index.html" />
    <None Include="vendor\imgui\examples\example_glfw_wgpu\web\index.html" />
    <None Include="vendor\imgui\examples\libs\emscripten\shell_minimal.html" />
  </ItemGroup>
  <ItemGroup>
    <ResourceCompile Include="out\build\x64-debug\cmakefiles\xplore.dir\manifest.rc">
      <Filter>Resource Files</Filter>
    </ResourceCompile>
    <ResourceCompile Include="vendor\glfw\examples\glfw.rc">
      <Filter>Resource Files</Filter>
    </ResourceCompile>
  </ItemGroup>
</Project>